
Microsoft Visual Studio Solution File, Format Version 12.00
# Visual Studio 2012
Project("{FAE04EC0-301F-11D3-BF4B-00C04F79EFBC}") = "Doris.Domain", "Doris.Domain\Doris.Domain.csproj", "{D3722BD3-7E5A-44DD-AAB8-6F94E94E6424}"
EndProject
Project("{FAE04EC0-301F-11D3-BF4B-00C04F79EFBC}") = "Doris.Web", "Doris.Web\Doris.Web.csproj", "{43689D06-6C3A-466A-BE6A-03BAC8867821}"
EndProject
Global
	GlobalSection(SolutionConfigurationPlatforms) = preSolution
		Debug|Any CPU = Debug|Any CPU
		Release|Any CPU = Release|Any CPU
	EndGlobalSection
	GlobalSection(ProjectConfigurationPlatforms) = postSolution
		{D3722BD3-7E5A-44DD-AAB8-6F94E94E6424}.Debug|Any CPU.ActiveCfg = Debug|Any CPU
		{D3722BD3-7E5A-44DD-AAB8-6F94E94E6424}.Debug|Any CPU.Build.0 = Debug|Any CPU
		{D3722BD3-7E5A-44DD-AAB8-6F94E94E6424}.Release|Any CPU.ActiveCfg = Release|Any CPU
		{D3722BD3-7E5A-44DD-AAB8-6F94E94E6424}.Release|Any CPU.Build.0 = Release|Any CPU
		{43689D06-6C3A-466A-BE6A-03BAC8867821}.Debug|Any CPU.ActiveCfg = Debug|Any CPU
		{43689D06-6C3A-466A-BE6A-03BAC8867821}.Debug|Any CPU.Build.0 = Debug|Any CPU
		{43689D06-6C3A-466A-BE6A-03BAC8867821}.Release|Any CPU.ActiveCfg = Release|Any CPU
		{43689D06-6C3A-466A-BE6A-03BAC8867821}.Release|Any CPU.Build.0 = Release|Any CPU
	EndGlobalSection
	GlobalSection(SolutionProperties) = preSolution
		HideSolutionNode = FALSE
	EndGlobalSection
EndGlobal
